
Microsoft Visual Studio Solution File, Format Version 12.00
# Visual Studio Version 17
VisualStudioVersion = 17.9.34723.18
MinimumVisualStudioVersion = 10.0.40219.1
Project("{FAE04EC0-301F-11D3-BF4B-00C04F79EFBC}") = "CalcProjec", "CalcProjec\CalcProjec.csproj", "{C12817B4-962E-4515-AA51-4884AEE21E4C}"
EndProject
Project("{FAE04EC0-301F-11D3-BF4B-00C04F79EFBC}") = "TestCalcProject", "TestCalcProject\TestCalcProject.csproj", "{B15752D6-69D9-4F5D-965A-11C8196280CB}"
EndProject
Global
	GlobalSection(SolutionConfigurationPlatforms) = preSolution
		Debug|Any CPU = Debug|Any CPU
		Release|Any CPU = Release|Any CPU
	EndGlobalSection
	GlobalSection(ProjectConfigurationPlatforms) = postSolution
		{C12817B4-962E-4515-AA51-4884AEE21E4C}.Debug|Any CPU.ActiveCfg = Debug|Any CPU
		{C12817B4-962E-4515-AA51-4884AEE21E4C}.Debug|Any CPU.Build.0 = Debug|Any CPU
		{C12817B4-962E-4515-AA51-4884AEE21E4C}.Release|Any CPU.ActiveCfg = Release|Any CPU
		{C12817B4-962E-4515-AA51-4884AEE21E4C}.Release|Any CPU.Build.0 = Release|Any CPU
		{B15752D6-69D9-4F5D-965A-11C8196280CB}.Debug|Any CPU.ActiveCfg = Debug|Any CPU
		{B15752D6-69D9-4F5D-965A-11C8196280CB}.Debug|Any CPU.Build.0 = Debug|Any CPU
		{B15752D6-69D9-4F5D-965A-11C8196280CB}.Release|Any CPU.ActiveCfg = Release|Any CPU
		{B15752D6-69D9-4F5D-965A-11C8196280CB}.Release|Any CPU.Build.0 = Release|Any CPU
	EndGlobalSection
	GlobalSection(SolutionProperties) = preSolution
		HideSolutionNode = FALSE
	EndGlobalSection
	GlobalSection(ExtensibilityGlobals) = postSolution
		SolutionGuid = {44274326-6BC1-434B-91E6-5C75B68D136F}
	EndGlobalSection
EndGlobal
